
Microsoft Visual Studio Solution File, Format Version 12.00
# Visual Studio Version 17
VisualStudioVersion = 17.4.33103.184
MinimumVisualStudioVersion = 10.0.40219.1
Project("{9A19103F-16F7-4668-BE54-9A1E7A4F7556}") = "senai.inlock.webApi", "senai.inlock.webApi\senai.inlock.webApi\senai.inlock.webApi.csproj", "{ABE2349D-622E-482E-86B5-555F930515A4}"
EndProject
Global
	GlobalSection(SolutionConfigurationPlatforms) = preSolution
		Debug|Any CPU = Debug|Any CPU
		Release|Any CPU = Release|Any CPU
	EndGlobalSection
	GlobalSection(ProjectConfigurationPlatforms) = postSolution
		{ABE2349D-622E-482E-86B5-555F930515A4}.Debug|Any CPU.ActiveCfg = Debug|Any CPU
		{ABE2349D-622E-482E-86B5-555F930515A4}.Debug|Any CPU.Build.0 = Debug|Any CPU
		{ABE2349D-622E-482E-86B5-555F930515A4}.Release|Any CPU.ActiveCfg = Release|Any CPU
		{ABE2349D-622E-482E-86B5-555F930515A4}.Release|Any CPU.Build.0 = Release|Any CPU
	EndGlobalSection
	GlobalSection(SolutionProperties) = preSolution
		HideSolutionNode = FALSE
	EndGlobalSection
	GlobalSection(ExtensibilityGlobals) = postSolution
		SolutionGuid = {59EB8EBB-4C77-401C-9A4B-79991617AF09}
	EndGlobalSection
EndGlobal
